// !$*UTF8*$!
{
	archiveVersion = 1;
	classes = {
	};
	objectVersion = 46;
	objects = {

/* Begin PBXBuildFile section */
		5244B08E1AE93C1A0036A017 /* main.m in Sources */ = {isa = PBXBuildFile; fileRef = 5244B08D1AE93C1A0036A017 /* main.m */; };
		5244B0911AE93C1A0036A017 /* AppDelegate.m in Sources */ = {isa = PBXBuildFile; fileRef = 5244B0901AE93C1A0036A017 /* AppDelegate.m */; };
		5244B0941AE93C1A0036A017 /* ViewController.m in Sources */ = {isa = PBXBuildFile; fileRef = 5244B0931AE93C1A0036A017 /* ViewController.m */; };
		5244B0971AE93C1A0036A017 /* Main.storyboard in Resources */ = {isa = PBXBuildFile; fileRef = 5244B0951AE93C1A0036A017 /* Main.storyboard */; };
		5244B0991AE93C1A0036A017 /* Images.xcassets in Resources */ = {isa = PBXBuildFile; fileRef = 5244B0981AE93C1A0036A017 /* Images.xcassets */; };
		5244B09C1AE93C1A0036A017 /* LaunchScreen.xib in Resources */ = {isa = PBXBuildFile; fileRef = 5244B09A1AE93C1A0036A017 /* LaunchScreen.xib */; };
		5244B0A81AE93C1A0036A017 /* MORKExampleTests.m in Sources */ = {isa = PBXBuildFile; fileRef = 5244B0A71AE93C1A0036A017 /* MORKExampleTests.m */; };
		99F4C987FEE43CBE2A3093E3 /* libPods.a in Frameworks */ = {isa = PBXBuildFile; fileRef = 25E1AB5CD888BB566500AA79 /* libPods.a */; };
/* End PBXBuildFile section */

/* Begin PBXContainerItemProxy section */
		5244B0A21AE93C1A0036A017 /* PBXContainerItemProxy */ = {
			isa = PBXContainerItemProxy;
			containerPortal = 5244B0801AE93C1A0036A017 /* Project object */;
			proxyType = 1;
			remoteGlobalIDString = 5244B0871AE93C1A0036A017;
			remoteInfo = MORKExample;
		};
/* End PBXContainerItemProxy section */

/* Begin PBXFileReference section */
		1B265AECAFF54A8D64572D1D /* Pods.debug.xcconfig */ = {isa = PBXFileReference; includeInIndex = 1; lastKnownFileType = text.xcconfig; name = Pods.debug.xcconfig; path = "Pods/Target Support Files/Pods/Pods.debug.xcconfig"; sourceTree = "<group>"; };
		25E1AB5CD888BB566500AA79 /* libPods.a */ = {isa = PBXFileReference; explicitFileType = archive.ar; includeInIndex = 0; path = libPods.a; sourceTree = BUILT_PRODUCTS_DIR; };
		5244B0881AE93C1A0036A017 /* MORKExample.app */ = {isa = PBXFileReference; explicitFileType = wrapper.application; includeInIndex = 0; path = MORKExample.app; sourceTree = BUILT_PRODUCTS_DIR; };
		5244B08C1AE93C1A0036A017 /* Info.plist */ = {isa = PBXFileReference; lastKnownFileType = text.plist.xml; path = Info.plist; sourceTree = "<group>"; };
		5244B08D1AE93C1A0036A017 /* main.m */ = {isa = PBXFileReference; lastKnownFileType = sourcecode.c.objc; path = main.m; sourceTree = "<group>"; };
		5244B0901AE93C1A0036A017 /* AppDelegate.m */ = {isa = PBXFileReference; lastKnownFileType = sourcecode.c.objc; path = AppDelegate.m; sourceTree = "<group>"; };
		5244B0921AE93C1A0036A017 /* ViewController.h */ = {isa = PBXFileReference; lastKnownFileType = sourcecode.c.h; path = ViewController.h; sourceTree = "<group>"; };
		5244B0931AE93C1A0036A017 /* ViewController.m */ = {isa = PBXFileReference; lastKnownFileType = sourcecode.c.objc; path = ViewController.m; sourceTree = "<group>"; };
		5244B0961AE93C1A0036A017 /* Base */ = {isa = PBXFileReference; lastKnownFileType = file.storyboard; name = Base; path = Base.lproj/Main.storyboard; sourceTree = "<group>"; };
		5244B0981AE93C1A0036A017 /* Images.xcassets */ = {isa = PBXFileReference; lastKnownFileType = folder.assetcatalog; path = Images.xcassets; sourceTree = "<group>"; };
		5244B09B1AE93C1A0036A017 /* Base */ = {isa = PBXFileReference; lastKnownFileType = file.xib; name = Base; path = Base.lproj/LaunchScreen.xib; sourceTree = "<group>"; };
		5244B0A11AE93C1A0036A017 /* MORKExampleTests.xctest */ = {isa = PBXFileReference; explicitFileType = wrapper.cfbundle; includeInIndex = 0; path = MORKExampleTests.xctest; sourceTree = BUILT_PRODUCTS_DIR; };
		5244B0A61AE93C1A0036A017 /* Info.plist */ = {isa = PBXFileReference; lastKnownFileType = text.plist.xml; path = Info.plist; sourceTree = "<group>"; };
		5244B0A71AE93C1A0036A017 /* MORKExampleTests.m */ = {isa = PBXFileReference; lastKnownFileType = sourcecode.c.objc; path = MORKExampleTests.m; sourceTree = "<group>"; };
		52941E441AE93DBA00DDD3E9 /* AppDelegate.h */ = {isa = PBXFileReference; lastKnownFileType = sourcecode.c.h; path = AppDelegate.h; sourceTree = "<group>"; };
		FE1C4634C6C660218B7C4357 /* Pods.release.xcconfig */ = {isa = PBXFileReference; includeInIndex = 1; lastKnownFileType = text.xcconfig; name = Pods.release.xcconfig; path = "Pods/Target Support Files/Pods/Pods.release.xcconfig"; sourceTree = "<group>"; };
/* End PBXFileReference section */

/* Begin PBXFrameworksBuildPhase section */
		5244B0851AE93C1A0036A017 /* Frameworks */ = {
			isa = PBXFrameworksBuildPhase;
			buildActionMask = 2147483647;
			files = (
				99F4C987FEE43CBE2A3093E3 /* libPods.a in Frameworks */,
			);
			runOnlyForDeploymentPostprocessing = 0;
		};
		5244B09E1AE93C1A0036A017 /* Frameworks */ = {
			isa = PBXFrameworksBuildPhase;
			buildActionMask = 2147483647;
			files = (
			);
			runOnlyForDeploymentPostprocessing = 0;
		};
/* End PBXFrameworksBuildPhase section */

/* Begin PBXGroup section */
		5244B07F1AE93C1A0036A017 = {
			isa = PBXGroup;
			children = (
				5244B08A1AE93C1A0036A017 /* MORKExample */,
				5244B0A41AE93C1A0036A017 /* MORKExampleTests */,
				5244B0891AE93C1A0036A017 /* Products */,
				DF8BA56DDD7E3DEF84DFC140 /* Pods */,
				56E1AC7BB8D5968936E9A998 /* Frameworks */,
			);
			sourceTree = "<group>";
		};
		5244B0891AE93C1A0036A017 /* Products */ = {
			isa = PBXGroup;
			children = (
				5244B0881AE93C1A0036A017 /* MORKExample.app */,
				5244B0A11AE93C1A0036A017 /* MORKExampleTests.xctest */,
			);
			name = Products;
			sourceTree = "<group>";
		};
		5244B08A1AE93C1A0036A017 /* MORKExample */ = {
			isa = PBXGroup;
			children = (
				52941E441AE93DBA00DDD3E9 /* AppDelegate.h */,
				5244B0901AE93C1A0036A017 /* AppDelegate.m */,
				5244B0921AE93C1A0036A017 /* ViewController.h */,
				5244B0931AE93C1A0036A017 /* ViewController.m */,
				5244B0951AE93C1A0036A017 /* Main.storyboard */,
				5244B0981AE93C1A0036A017 /* Images.xcassets */,
				5244B09A1AE93C1A0036A017 /* LaunchScreen.xib */,
				5244B08B1AE93C1A0036A017 /* Supporting Files */,
			);
			path = MORKExample;
			sourceTree = "<group>";
		};
		5244B08B1AE93C1A0036A017 /* Supporting Files */ = {
			isa = PBXGroup;
			children = (
				5244B08C1AE93C1A0036A017 /* Info.plist */,
				5244B08D1AE93C1A0036A017 /* main.m */,
			);
			name = "Supporting Files";
			sourceTree = "<group>";
		};
		5244B0A41AE93C1A0036A017 /* MORKExampleTests */ = {
			isa = PBXGroup;
			children = (
				5244B0A71AE93C1A0036A017 /* MORKExampleTests.m */,
				5244B0A51AE93C1A0036A017 /* Supporting Files */,
			);
			path = MORKExampleTests;
			sourceTree = "<group>";
		};
		5244B0A51AE93C1A0036A017 /* Supporting Files */ = {
			isa = PBXGroup;
			children = (
				5244B0A61AE93C1A0036A017 /* Info.plist */,
			);
			name = "Supporting Files";
			sourceTree = "<group>";
		};
		56E1AC7BB8D5968936E9A998 /* Frameworks */ = {
			isa = PBXGroup;
			children = (
				25E1AB5CD888BB566500AA79 /* libPods.a */,
			);
			name = Frameworks;
			sourceTree = "<group>";
		};
		DF8BA56DDD7E3DEF84DFC140 /* Pods */ = {
			isa = PBXGroup;
			children = (
				1B265AECAFF54A8D64572D1D /* Pods.debug.xcconfig */,
				FE1C4634C6C660218B7C4357 /* Pods.release.xcconfig */,
			);
			name = Pods;
			sourceTree = "<group>";
		};
/* End PBXGroup section */

/* Begin PBXNativeTarget section */
		5244B0871AE93C1A0036A017 /* MORKExample */ = {
			isa = PBXNativeTarget;
			buildConfigurationList = 5244B0AB1AE93C1A0036A017 /* Build configuration list for PBXNativeTarget "MORKExample" */;
			buildPhases = (
				2A40AAF09CBA9F309362DF81 /* Check Pods Manifest.lock */,
				5244B0841AE93C1A0036A017 /* Sources */,
				5244B0851AE93C1A0036A017 /* Frameworks */,
				5244B0861AE93C1A0036A017 /* Resources */,
				E466706CE47D97C99CBBB7E2 /* Copy Pods Resources */,
			);
			buildRules = (
			);
			dependencies = (
			);
			name = MORKExample;
			productName = MORKExample;
			productReference = 5244B0881AE93C1A0036A017 /* MORKExample.app */;
			productType = "com.apple.product-type.application";
		};
		5244B0A01AE93C1A0036A017 /* MORKExampleTests */ = {
			isa = PBXNativeTarget;
			buildConfigurationList = 5244B0AE1AE93C1A0036A017 /* Build configuration list for PBXNativeTarget "MORKExampleTests" */;
			buildPhases = (
				5244B09D1AE93C1A0036A017 /* Sources */,
				5244B09E1AE93C1A0036A017 /* Frameworks */,
				5244B09F1AE93C1A0036A017 /* Resources */,
			);
			buildRules = (
			);
			dependencies = (
				5244B0A31AE93C1A0036A017 /* PBXTargetDependency */,
			);
			name = MORKExampleTests;
			productName = MORKExampleTests;
			productReference = 5244B0A11AE93C1A0036A017 /* MORKExampleTests.xctest */;
			productType = "com.apple.product-type.bundle.unit-test";
		};
/* End PBXNativeTarget section */

/* Begin PBXProject section */
		5244B0801AE93C1A0036A017 /* Project object */ = {
			isa = PBXProject;
			attributes = {
				LastUpgradeCheck = 0630;
				ORGANIZATIONNAME = "Medidata Solutions";
				TargetAttributes = {
					5244B0871AE93C1A0036A017 = {
						CreatedOnToolsVersion = 6.3;
					};
					5244B0A01AE93C1A0036A017 = {
						CreatedOnToolsVersion = 6.3;
						TestTargetID = 5244B0871AE93C1A0036A017;
					};
				};
			};
			buildConfigurationList = 5244B0831AE93C1A0036A017 /* Build configuration list for PBXProject "MORKExample" */;
			compatibilityVersion = "Xcode 3.2";
			developmentRegion = English;
			hasScannedForEncodings = 0;
			knownRegions = (
				en,
				Base,
			);
			mainGroup = 5244B07F1AE93C1A0036A017;
			productRefGroup = 5244B0891AE93C1A0036A017 /* Products */;
			projectDirPath = "";
			projectRoot = "";
			targets = (
				5244B0871AE93C1A0036A017 /* MORKExample */,
				5244B0A01AE93C1A0036A017 /* MORKExampleTests */,
			);
		};
/* End PBXProject section */

/* Begin PBXResourcesBuildPhase section */
		5244B0861AE93C1A0036A017 /* Resources */ = {
			isa = PBXResourcesBuildPhase;
			buildActionMask = 2147483647;
			files = (
				5244B0971AE93C1A0036A017 /* Main.storyboard in Resources */,
				5244B09C1AE93C1A0036A017 /* LaunchScreen.xib in Resources */,
				5244B0991AE93C1A0036A017 /* Images.xcassets in Resources */,
			);
			runOnlyForDeploymentPostprocessing = 0;
		};
		5244B09F1AE93C1A0036A017 /* Resources */ = {
			isa = PBXResourcesBuildPhase;
			buildActionMask = 2147483647;
			files = (
			);
			runOnlyForDeploymentPostprocessing = 0;
		};
/* End PBXResourcesBuildPhase section */

/* Begin PBXShellScriptBuildPhase section */
		2A40AAF09CBA9F309362DF81 /* Check Pods Manifest.lock */ = {
			isa = PBXShellScriptBuildPhase;
			buildActionMask = 2147483647;
			files = (
			);
			inputPaths = (
			);
			name = "Check Pods Manifest.lock";
			outputPaths = (
			);
			runOnlyForDeploymentPostprocessing = 0;
			shellPath = /bin/sh;
			shellScript = "diff \"${PODS_ROOT}/../Podfile.lock\" \"${PODS_ROOT}/Manifest.lock\" > /dev/null\nif [[ $? != 0 ]] ; then\n    cat << EOM\nerror: The sandbox is not in sync with the Podfile.lock. Run 'pod install' or update your CocoaPods installation.\nEOM\n    exit 1\nfi\n";
			showEnvVarsInLog = 0;
		};
		E466706CE47D97C99CBBB7E2 /* Copy Pods Resources */ = {
			isa = PBXShellScriptBuildPhase;
			buildActionMask = 2147483647;
			files = (
			);
			inputPaths = (
			);
			name = "Copy Pods Resources";
			outputPaths = (
			);
			runOnlyForDeploymentPostprocessing = 0;
			shellPath = /bin/sh;
			shellScript = "\"${SRCROOT}/Pods/Target Support Files/Pods/Pods-resources.sh\"\n";
			showEnvVarsInLog = 0;
		};
/* End PBXShellScriptBuildPhase section */

/* Begin PBXSourcesBuildPhase section */
		5244B0841AE93C1A0036A017 /* Sources */ = {
			isa = PBXSourcesBuildPhase;
			buildActionMask = 2147483647;
			files = (
				5244B0941AE93C1A0036A017 /* ViewController.m in Sources */,
				5244B0911AE93C1A0036A017 /* AppDelegate.m in Sources */,
				5244B08E1AE93C1A0036A017 /* main.m in Sources */,
			);
			runOnlyForDeploymentPostprocessing = 0;
		};
		5244B09D1AE93C1A0036A017 /* Sources */ = {
			isa = PBXSourcesBuildPhase;
			buildActionMask = 2147483647;
			files = (
				5244B0A81AE93C1A0036A017 /* MORKExampleTests.m in Sources */,
			);
			runOnlyForDeploymentPostprocessing = 0;
		};
/* End PBXSourcesBuildPhase section */

/* Begin PBXTargetDependency section */
		5244B0A31AE93C1A0036A017 /* PBXTargetDependency */ = {
			isa = PBXTargetDependency;
			target = 5244B0871AE93C1A0036A017 /* MORKExample */;
			targetProxy = 5244B0A21AE93C1A0036A017 /* PBXContainerItemProxy */;
		};
/* End PBXTargetDependency section */

/* Begin PBXVariantGroup section */
		5244B0951AE93C1A0036A017 /* Main.storyboard */ = {
			isa = PBXVariantGroup;
			children = (
				5244B0961AE93C1A0036A017 /* Base */,
			);
			name = Main.storyboard;
			sourceTree = "<group>";
		};
		5244B09A1AE93C1A0036A017 /* LaunchScreen.xib */ = {
			isa = PBXVariantGroup;
			children = (
				5244B09B1AE93C1A0036A017 /* Base */,
			);
			name = LaunchScreen.xib;
			sourceTree = "<group>";
		};
/* End PBXVariantGroup section */

/* Begin XCBuildConfiguration section */
		5244B0A91AE93C1A0036A017 /* Debug */ = {
			isa = XCBuildConfiguration;
			buildSettings = {
				ALWAYS_SEARCH_USER_PATHS = NO;
				CLANG_CXX_LANGUAGE_STANDARD = "gnu++0x";
				CLANG_CXX_LIBRARY = "libc++";
				CLANG_ENABLE_MODULES = YES;
				CLANG_ENABLE_OBJC_ARC = YES;
				CLANG_WARN_BOOL_CONVERSION = YES;
				CLANG_WARN_CONSTANT_CONVERSION = YES;
				CLANG_WARN_DIRECT_OBJC_ISA_USAGE = YES_ERROR;
				CLANG_WARN_EMPTY_BODY = YES;
				CLANG_WARN_ENUM_CONVERSION = YES;
				CLANG_WARN_INT_CONVERSION = YES;
				CLANG_WARN_OBJC_ROOT_CLASS = YES_ERROR;
				CLANG_WARN_UNREACHABLE_CODE = YES;
				CLANG_WARN__DUPLICATE_METHOD_MATCH = YES;
				"CODE_SIGN_IDENTITY[sdk=iphoneos*]" = "iPhone Developer";
				COPY_PHASE_STRIP = NO;
				DEBUG_INFORMATION_FORMAT = "dwarf-with-dsym";
				ENABLE_STRICT_OBJC_MSGSEND = YES;
				GCC_C_LANGUAGE_STANDARD = gnu99;
				GCC_DYNAMIC_NO_PIC = NO;
				GCC_NO_COMMON_BLOCKS = YES;
				GCC_OPTIMIZATION_LEVEL = 0;
				GCC_PREPROCESSOR_DEFINITIONS = (
					"DEBUG=1",
					"$(inherited)",
				);
				GCC_SYMBOLS_PRIVATE_EXTERN = NO;
				GCC_WARN_64_TO_32_BIT_CONVERSION = YES;
				GCC_WARN_ABOUT_RETURN_TYPE = YES_ERROR;
				GCC_WARN_UNDECLARED_SELECTOR = YES;
				GCC_WARN_UNINITIALIZED_AUTOS = YES_AGGRESSIVE;
				GCC_WARN_UNUSED_FUNCTION = YES;
				GCC_WARN_UNUSED_VARIABLE = YES;
				IPHONEOS_DEPLOYMENT_TARGET = 8.3;
				MTL_ENABLE_DEBUG_INFO = YES;
				ONLY_ACTIVE_ARCH = YES;
				SDKROOT = iphoneos;
				TARGETED_DEVICE_FAMILY = "1,2";
			};
			name = Debug;
		};
		5244B0AA1AE93C1A0036A017 /* Release */ = {
			isa = XCBuildConfiguration;
			buildSettings = {
				ALWAYS_SEARCH_USER_PATHS = NO;
				CLANG_CXX_LANGUAGE_STANDARD = "gnu++0x";
				CLANG_CXX_LIBRARY = "libc++";
				CLANG_ENABLE_MODULES = YES;
				CLANG_ENABLE_OBJC_ARC = YES;
				CLANG_WARN_BOOL_CONVERSION = YES;
				CLANG_WARN_CONSTANT_CONVERSION = YES;
				CLANG_WARN_DIRECT_OBJC_ISA_USAGE = YES_ERROR;
				CLANG_WARN_EMPTY_BODY = YES;
				CLANG_WARN_ENUM_CONVERSION = YES;
				CLANG_WARN_INT_CONVERSION = YES;
				CLANG_WARN_OBJC_ROOT_CLASS = YES_ERROR;
				CLANG_WARN_UNREACHABLE_CODE = YES;
				CLANG_WARN__DUPLICATE_METHOD_MATCH = YES;
				"CODE_SIGN_IDENTITY[sdk=iphoneos*]" = "iPhone Developer";
				COPY_PHASE_STRIP = NO;
				DEBUG_INFORMATION_FORMAT = "dwarf-with-dsym";
				ENABLE_NS_ASSERTIONS = NO;
				ENABLE_STRICT_OBJC_MSGSEND = YES;
				GCC_C_LANGUAGE_STANDARD = gnu99;
				GCC_NO_COMMON_BLOCKS = YES;
				GCC_WARN_64_TO_32_BIT_CONVERSION = YES;
				GCC_WARN_ABOUT_RETURN_TYPE = YES_ERROR;
				GCC_WARN_UNDECLARED_SELECTOR = YES;
				GCC_WARN_UNINITIALIZED_AUTOS = YES_AGGRESSIVE;
				GCC_WARN_UNUSED_FUNCTION = YES;
				GCC_WARN_UNUSED_VARIABLE = YES;
				IPHONEOS_DEPLOYMENT_TARGET = 8.3;
				MTL_ENABLE_DEBUG_INFO = NO;
				SDKROOT = iphoneos;
				TARGETED_DEVICE_FAMILY = "1,2";
				VALIDATE_PRODUCT = YES;
			};
			name = Release;
		};
		5244B0AC1AE93C1A0036A017 /* Debug */ = {
			isa = XCBuildConfiguration;
			baseConfigurationReference = 1B265AECAFF54A8D64572D1D /* Pods.debug.xcconfig */;
			buildSettings = {
				ASSETCATALOG_COMPILER_APPICON_NAME = AppIcon;
				INFOPLIST_FILE = MORKExample/Info.plist;
				LD_RUNPATH_SEARCH_PATHS = "$(inherited) @executable_path/Frameworks";
				PRODUCT_NAME = "$(TARGET_NAME)";
			};
			name = Debug;
		};
		5244B0AD1AE93C1A0036A017 /* Release */ = {
			isa = XCBuildConfiguration;
			baseConfigurationReference = FE1C4634C6C660218B7C4357 /* Pods.release.xcconfig */;
			buildSettings = {
				ASSETCATALOG_COMPILER_APPICON_NAME = AppIcon;
				INFOPLIST_FILE = MORKExample/Info.plist;
				LD_RUNPATH_SEARCH_PATHS = "$(inherited) @executable_path/Frameworks";
				PRODUCT_NAME = "$(TARGET_NAME)";
			};
			name = Release;
		};
		5244B0AF1AE93C1A0036A017 /* Debug */ = {
			isa = XCBuildConfiguration;
			buildSettings = {
				BUNDLE_LOADER = "$(TEST_HOST)";
				FRAMEWORK_SEARCH_PATHS = (
					"$(SDKROOT)/Developer/Library/Frameworks",
					"$(inherited)",
				);
				GCC_PREPROCESSOR_DEFINITIONS = (
					"DEBUG=1",
					"$(inherited)",
				);
				INFOPLIST_FILE = MORKExampleTests/Info.plist;
				LD_RUNPATH_SEARCH_PATHS = "$(inherited) @executable_path/Frameworks @loader_path/Frameworks";
				PRODUCT_NAME = "$(TARGET_NAME)";
				TEST_HOST = "$(BUILT_PRODUCTS_DIR)/MORKExample.app/MORKExample";
			};
			name = Debug;
		};
		5244B0B01AE93C1A0036A017 /* Release */ = {
			isa = XCBuildConfiguration;
			buildSettings = {
				BUNDLE_LOADER = "$(TEST_HOST)";
				FRAMEWORK_SEARCH_PATHS = (
					"$(SDKROOT)/Developer/Library/Frameworks",
					"$(inherited)",
				);
				INFOPLIST_FILE = MORKExampleTests/Info.plist;
				LD_RUNPATH_SEARCH_PATHS = "$(inherited) @executable_path/Frameworks @loader_path/Frameworks";
				PRODUCT_NAME = "$(TARGET_NAME)";
				TEST_HOST = "$(BUILT_PRODUCTS_DIR)/MORKExample.app/MORKExample";
			};
			name = Release;
		};
/* End XCBuildConfiguration section */

/* Begin XCConfigurationList section */
		5244B0831AE93C1A0036A017 /* Build configuration list for PBXProject "MORKExample" */ = {
			isa = XCConfigurationList;
			buildConfigurations = (
				5244B0A91AE93C1A0036A017 /* Debug */,
				5244B0AA1AE93C1A0036A017 /* Release */,
			);
			defaultConfigurationIsVisible = 0;
			defaultConfigurationName = Release;
		};
		5244B0AB1AE93C1A0036A017 /* Build configuration list for PBXNativeTarget "MORKExample" */ = {
			isa = XCConfigurationList;
			buildConfigurations = (
				5244B0AC1AE93C1A0036A017 /* Debug */,
				5244B0AD1AE93C1A0036A017 /* Release */,
			);
			defaultConfigurationIsVisible = 0;
			defaultConfigurationName = Release;
		};
		5244B0AE1AE93C1A0036A017 /* Build configuration list for PBXNativeTarget "MORKExampleTests" */ = {
			isa = XCConfigurationList;
			buildConfigurations = (
				5244B0AF1AE93C1A0036A017 /* Debug */,
				5244B0B01AE93C1A0036A017 /* Release */,
			);
			defaultConfigurationIsVisible = 0;
			defaultConfigurationName = Release;
		};
/* End XCConfigurationList section */
	};
	rootObject = 5244B0801AE93C1A0036A017 /* Project object */;
}
